<?xml version="1.0" encoding="utf-8"?>
<Project ToolsVersion="4.0" xmlns="http://schemas.microsoft.com/developer/msbuild/2003">
  <ItemGroup>
    <Filter Include="资源文件">
      <UniqueIdentifier>{67DA6AB6-F800-4c08-8B7A-83BB121AAD01}</UniqueIdentifier>
      <Extensions>rc;ico;cur;bmp;dlg;rc2;rct;bin;rgs;gif;jpg;jpeg;jpe;resx;tiff;tif;png;wav;mfcribbon-ms</Extensions>
    </Filter>
    <Filter Include="include">
      <UniqueIdentifier>{93995380-89BD-4b04-88EB-625FBE52EBFB}</UniqueIdentifier>
      <Extensions>h;hh;hpp;hxx;hm;inl;inc;xsd</Extensions>
    </Filter>
    <Filter Include="src">
      <UniqueIdentifier>{4FC737F1-C7A5-4376-A066-2A32D752A2FF}</UniqueIdentifier>
      <Extensions>cpp;c;cc;cxx;def;odl;idl;hpj;bat;asm;asmx</Extensions>
    </Filter>
    <Filter Include="util">
      <UniqueIdentifier>{ee566871-39bb-4eb8-8584-eba62bd93eb9}</UniqueIdentifier>
    </Filter>
    <Filter Include="shaders">
      <UniqueIdentifier>{d2d6ec00-2148-4ed0-81ec-5ff8fdcdedbd}</UniqueIdentifier>
    </Filter>
    <Filter Include="demo">
      <UniqueIdentifier>{7920de1a-f124-4288-a5bc-79d02dc9e7ce}</UniqueIdentifier>
    </Filter>
    <Filter Include="entrance">
      <UniqueIdentifier>{303af348-7a05-4fc3-a5b3-76854cab9aee}</UniqueIdentifier>
    </Filter>
  </ItemGroup>
  <ItemGroup>
    <ClInclude Include="..\include\AllinGL.h">
      <Filter>include</Filter>
    </ClInclude>
    <ClInclude Include="..\include\BenchmarkTimer.h">
      <Filter>include</Filter>
    </ClInclude>
    <ClInclude Include="..\include\MeshPack.h">
      <Filter>include</Filter>
    </ClInclude>
    <ClInclude Include="..\include\ShaderPack.h">
      <Filter>include</Filter>
    </ClInclude>
    <ClInclude Include="..\include\TexturePack.h">
      <Filter>include</Filter>
    </ClInclude>
    <ClInclude Include="..\include\GLApplication.h">
      <Filter>include</Filter>
    </ClInclude>
    <ClInclude Include="..\include\GLObject.h">
      <Filter>include</Filter>
    </ClInclude>
    <ClInclude Include="..\include\GLAttachable.h">
      <Filter>include</Filter>
    </ClInclude>
    <ClInclude Include="..\include\BufferPack.hpp">
      <Filter>include</Filter>
    </ClInclude>
    <ClInclude Include="..\include\ProgramPack.h">
      <Filter>include</Filter>
    </ClInclude>
    <ClInclude Include="..\include\VertexArrayPack.h">
      <Filter>include</Filter>
    </ClInclude>
    <ClInclude Include="..\include\CameraView.h">
      <Filter>include</Filter>
    </ClInclude>
    <ClInclude Include="..\util\FPSApplication.h">
      <Filter>util</Filter>
    </ClInclude>
    <ClInclude Include="..\include\TextureTable.hpp">
      <Filter>include</Filter>
    </ClInclude>
  </ItemGroup>
  <ItemGroup>
    <ClCompile Include="..\src\GLApplication.cpp">
      <Filter>src</Filter>
    </ClCompile>
    <ClCompile Include="..\src\GLObject.cpp">
      <Filter>src</Filter>
    </ClCompile>
    <ClCompile Include="..\src\MeshPack.cpp">
      <Filter>src</Filter>
    </ClCompile>
    <ClCompile Include="..\src\MeshParsing.cpp">
      <Filter>src</Filter>
    </ClCompile>
    <ClCompile Include="..\src\ProgramPack.cpp">
      <Filter>src</Filter>
    </ClCompile>
    <ClCompile Include="..\src\ShaderPack.cpp">
      <Filter>src</Filter>
    </ClCompile>
    <ClCompile Include="..\src\VertexArrayPack.cpp">
      <Filter>src</Filter>
    </ClCompile>
    <ClCompile Include="..\src\CameraView.cpp">
      <Filter>src</Filter>
    </ClCompile>
    <ClCompile Include="..\util\FPSApplication.cpp">
      <Filter>util</Filter>
    </ClCompile>
    <ClCompile Include="..\src\TexturePack.cpp">
      <Filter>src</Filter>
    </ClCompile>
    <ClCompile Include="..\src\SamplerPack.cpp">
      <Filter>src</Filter>
    </ClCompile>
    <ClCompile Include="..\src\LoadBMP.cpp">
      <Filter>src</Filter>
    </ClCompile>
    <ClCompile Include="..\src\LogCallStack.cpp">
      <Filter>src</Filter>
    </ClCompile>
    <ClCompile Include="..\demo\Phong.cpp">
      <Filter>demo</Filter>
    </ClCompile>
    <ClCompile Include="..\demo\TexPlain.cpp">
      <Filter>demo</Filter>
    </ClCompile>
  </ItemGroup>
  <ItemGroup>
    <None Include="..\Shaders\simpleFragment.glsl">
      <Filter>shaders</Filter>
    </None>
    <None Include="..\Shaders\simpleVertex.glsl">
      <Filter>shaders</Filter>
    </None>
    <None Include="..\Shaders\phong_normalMap.glsl">
      <Filter>shaders</Filter>
    </None>
    <None Include="..\Shaders\phongvert.glsl">
      <Filter>shaders</Filter>
    </None>
    <None Include="..\Shaders\phongfrag.glsl">
      <Filter>shaders</Filter>
    </None>
    <None Include="..\shaders\texvert.glsl">
      <Filter>shaders</Filter>
    </None>
    <None Include="..\shaders\texfrag.glsl">
      <Filter>shaders</Filter>
    </None>
  </ItemGroup>
</Project>